hash: 568109ce7774880b58e6cae4e9c3cd22393e70ed3f613c002aea8bac2ec9ae60
updated: 2017-09-15T17:35:57.51854698-03:00
imports:
- name: github.com/confluentinc/confluent-kafka-go
  version: a9b5c269c66e9a2eb5f195563b2f01e65a84c527
  subpackages:
  - kafka
- name: github.com/golang/protobuf
  version: 11b8df160996e00fd4b55cbaafb3d84ec6d50fa8
  subpackages:
  - proto
- name: github.com/golang/snappy
  version: 553a641470496b2327abcac10b36396bd98e45c9
- name: github.com/gorilla/context
  version: 08b5f424b9271eedf6f9f0ce86cb9396ed337a42
- name: github.com/gorilla/mux
  version: 24fca303ac6da784b9e8269f724ddeb0b2eea5e7
- name: github.com/kelseyhightower/envconfig
  version: bc1350181c239ebcef7a398f576160021f5dfed6
- name: github.com/nsqio/go-nsq
  version: 1336c299dd900d045fb6df51fc02adf26cde5414
- name: github.com/satori/go.uuid
  version: 879c5887cd475cd7864858769793b2ceb0d44feb
- name: github.com/stretchr/testify
  version: 69483b4bd14f5845b5a1e55bca19e954e827f1d0
  subpackages:
  - assert
- name: github.com/vmihailenco/msgpack
  version: de4b4857c10538d591bee30e8114176008f8b9d0
  subpackages:
  - codes
- name: golang.org/x/net
  version: c2528b2dd8352441850638a8bb678c2ad056fd3e
  subpackages:
  - context
- name: google.golang.org/appengine
  version: d9a072cfa7b9736e44311ef77b3e09d804bfa599
  subpackages:
  - datastore
  - internal
  - internal/app_identity
  - internal/base
  - internal/datastore
  - internal/log
  - internal/modules
  - internal/remote_api
- name: gopkg.in/bsm/ratelimit.v1
  version: db14e161995a5177acef654cb0dd785e8ee8bc22
- name: gopkg.in/redis.v3
  version: b5e368500d0a508ef8f16e9c2d4025a8a46bcc29
  subpackages:
  - internal
  - internal/consistenthash
  - internal/hashtag
  - internal/pool
testImports:
- name: github.com/davecgh/go-spew
  version: 6d212800a42e8ab5c146b8ace3490ee17e5225f9
  subpackages:
  - spew
- name: github.com/pmezard/go-difflib
  version: d8ed2627bdf02c080bf22230dbb337003b7aba2d
  subpackages:
  - difflib
